Microsoft Visual Studio Solution File, Format Version 12.00
# Visual Studio Version 18
VisualStudioVersion = 18.0.11018.127 d18.0
MinimumVisualStudioVersion = 16.0.0.0
Project("{9A19103F-16F7-4668-BE54-9A1E7A4F7556}") = "Psybook.UI", "Psybook.UI\Psybook.UI.csproj", "{8F4E4188-A9F2-467E-92B4-0DC91534924D}"
EndProject
Project("{9A19103F-16F7-4668-BE54-9A1E7A4F7556}") = "Psybook.UI.Client", "Psybook.UI.Client\Psybook.UI.Client.csproj", "{4D1535B8-573F-4F9A-BF03-C060C3AA0762}"
EndProject
Project("{FAE04EC0-301F-11D3-BF4B-00C04F79EFBC}") = "Psybook.API", "Psybook.API\Psybook.API.csproj", "{31527F52-F2E3-A180-CF01-C852A29155DA}"
EndProject
Project("{FAE04EC0-301F-11D3-BF4B-00C04F79EFBC}") = "Psybook.AppHost", "Psybook.AppHost\Psybook.AppHost.csproj", "{3C2ED517-1006-415C-AB61-F4881C291053}"
EndProject
Project("{FAE04EC0-301F-11D3-BF4B-00C04F79EFBC}") = "Psybook.ServiceDefaults", "Psybook.ServiceDefaults\Psybook.ServiceDefaults.csproj", "{1159FFDF-0EC6-DE8A-9F18-86C575A937B0}"
EndProject
Project("{FAE04EC0-301F-11D3-BF4B-00C04F79EFBC}") = "Psybook.Services", "Psybook.Services\Psybook.Services.csproj", "{99DB0845-9176-4E8E-8444-483D4778EC68}"
EndProject
Project("{FAE04EC0-301F-11D3-BF4B-00C04F79EFBC}") = "Psybook.Shared", "Psybook.Shared\Psybook.Shared.csproj", "{A22BBA5D-7AAC-4543-B88E-06D9DB833EC7}"
EndProject
Project("{FAE04EC0-301F-11D3-BF4B-00C04F79EFBC}") = "Psybook.Repositories", "Psybook.Repositories\Psybook.Repositories.csproj", "{BCEB1AF7-55FE-4E77-AF6B-B3453E11FAB8}"
EndProject
Project("{FAE04EC0-301F-11D3-BF4B-00C04F79EFBC}") = "Psybook.Migrations", "Psybook.Migrations\Psybook.Migrations.csproj", "{7D501C96-FF27-AF33-17F2-C07A70623ACA}"
EndProject
Project("{FAE04EC0-301F-11D3-BF4B-00C04F79EFBC}") = "Psybook.Objects", "Psybook.Objects\Psybook.Objects.csproj", "{2E756E83-5836-4F86-A4F8-18D11FF402F8}"
EndProject
Project("{2150E333-8FDC-42A3-9474-1A3956D46DE8}") = "Solution Items", "Solution Items", "{945CC0E9-9201-45DA-8BFA-A9837B2A732E}"
	ProjectSection(SolutionItems) = preProject
		README.md = README.md
	EndProjectSection
EndProject
Global
	GlobalSection(SolutionConfigurationPlatforms) = preSolution
		Debug|Any CPU = Debug|Any CPU
		Debug|x64 = Debug|x64
		Debug|x86 = Debug|x86
		Release|Any CPU = Release|Any CPU
		Release|x64 = Release|x64
		Release|x86 = Release|x86
	EndGlobalSection
	GlobalSection(ProjectConfigurationPlatforms) = postSolution
		{8F4E4188-A9F2-467E-92B4-0DC91534924D}.Debug|Any CPU.ActiveCfg = Debug|Any CPU
		{8F4E4188-A9F2-467E-92B4-0DC91534924D}.Debug|Any CPU.Build.0 = Debug|Any CPU
		{8F4E4188-A9F2-467E-92B4-0DC91534924D}.Debug|x64.ActiveCfg = Debug|Any CPU
		{8F4E4188-A9F2-467E-92B4-0DC91534924D}.Debug|x64.Build.0 = Debug|Any CPU
		{8F4E4188-A9F2-467E-92B4-0DC91534924D}.Debug|x86.ActiveCfg = Debug|Any CPU
		{8F4E4188-A9F2-467E-92B4-0DC91534924D}.Debug|x86.Build.0 = Debug|Any CPU
		{8F4E4188-A9F2-467E-92B4-0DC91534924D}.Release|Any CPU.ActiveCfg = Release|Any CPU
		{8F4E4188-A9F2-467E-92B4-0DC91534924D}.Release|Any CPU.Build.0 = Release|Any CPU
		{8F4E4188-A9F2-467E-92B4-0DC91534924D}.Release|x64.ActiveCfg = Release|Any CPU
		{8F4E4188-A9F2-467E-92B4-0DC91534924D}.Release|x64.Build.0 = Release|Any CPU
		{8F4E4188-A9F2-467E-92B4-0DC91534924D}.Release|x86.ActiveCfg = Release|Any CPU
		{8F4E4188-A9F2-467E-92B4-0DC91534924D}.Release|x86.Build.0 = Release|Any CPU
		{4D1535B8-573F-4F9A-BF03-C060C3AA0762}.Debug|Any CPU.ActiveCfg = Debug|Any CPU
		{4D1535B8-573F-4F9A-BF03-C060C3AA0762}.Debug|Any CPU.Build.0 = Debug|Any CPU
		{4D1535B8-573F-4F9A-BF03-C060C3AA0762}.Debug|x64.ActiveCfg = Debug|Any CPU
		{4D1535B8-573F-4F9A-BF03-C060C3AA0762}.Debug|x64.Build.0 = Debug|Any CPU
		{4D1535B8-573F-4F9A-BF03-C060C3AA0762}.Debug|x86.ActiveCfg = Debug|Any CPU
		{4D1535B8-573F-4F9A-BF03-C060C3AA0762}.Debug|x86.Build.0 = Debug|Any CPU
		{4D1535B8-573F-4F9A-BF03-C060C3AA0762}.Release|Any CPU.ActiveCfg = Release|Any CPU
		{4D1535B8-573F-4F9A-BF03-C060C3AA0762}.Release|Any CPU.Build.0 = Release|Any CPU
		{4D1535B8-573F-4F9A-BF03-C060C3AA0762}.Release|x64.ActiveCfg = Release|Any CPU
		{4D1535B8-573F-4F9A-BF03-C060C3AA0762}.Release|x64.Build.0 = Release|Any CPU
		{4D1535B8-573F-4F9A-BF03-C060C3AA0762}.Release|x86.ActiveCfg = Release|Any CPU
		{4D1535B8-573F-4F9A-BF03-C060C3AA0762}.Release|x86.Build.0 = Release|Any CPU
		{31527F52-F2E3-A180-CF01-C852A29155DA}.Debug|Any CPU.ActiveCfg = Debug|Any CPU
		{31527F52-F2E3-A180-CF01-C852A29155DA}.Debug|Any CPU.Build.0 = Debug|Any CPU
		{31527F52-F2E3-A180-CF01-C852A29155DA}.Debug|x64.ActiveCfg = Debug|Any CPU
		{31527F52-F2E3-A180-CF01-C852A29155DA}.Debug|x64.Build.0 = Debug|Any CPU
		{31527F52-F2E3-A180-CF01-C852A29155DA}.Debug|x86.ActiveCfg = Debug|Any CPU
		{31527F52-F2E3-A180-CF01-C852A29155DA}.Debug|x86.Build.0 = Debug|Any CPU
		{31527F52-F2E3-A180-CF01-C852A29155DA}.Release|Any CPU.ActiveCfg = Release|Any CPU
		{31527F52-F2E3-A180-CF01-C852A29155DA}.Release|Any CPU.Build.0 = Release|Any CPU
		{31527F52-F2E3-A180-CF01-C852A29155DA}.Release|x64.ActiveCfg = Release|Any CPU
		{31527F52-F2E3-A180-CF01-C852A29155DA}.Release|x64.Build.0 = Release|Any CPU
		{31527F52-F2E3-A180-CF01-C852A29155DA}.Release|x86.ActiveCfg = Release|Any CPU
		{31527F52-F2E3-A180-CF01-C852A29155DA}.Release|x86.Build.0 = Release|Any CPU
		{3C2ED517-1006-415C-AB61-F4881C291053}.Debug|Any CPU.ActiveCfg = Debug|Any CPU
		{3C2ED517-1006-415C-AB61-F4881C291053}.Debug|Any CPU.Build.0 = Debug|Any CPU
		{3C2ED517-1006-415C-AB61-F4881C291053}.Debug|x64.ActiveCfg = Debug|Any CPU
		{3C2ED517-1006-415C-AB61-F4881C291053}.Debug|x64.Build.0 = Debug|Any CPU
		{3C2ED517-1006-415C-AB61-F4881C291053}.Debug|x86.ActiveCfg = Debug|Any CPU
		{3C2ED517-1006-415C-AB61-F4881C291053}.Debug|x86.Build.0 = Debug|Any CPU
		{3C2ED517-1006-415C-AB61-F4881C291053}.Release|Any CPU.ActiveCfg = Release|Any CPU
		{3C2ED517-1006-415C-AB61-F4881C291053}.Release|Any CPU.Build.0 = Release|Any CPU
		{3C2ED517-1006-415C-AB61-F4881C291053}.Release|x64.ActiveCfg = Release|Any CPU
		{3C2ED517-1006-415C-AB61-F4881C291053}.Release|x64.Build.0 = Release|Any CPU
		{3C2ED517-1006-415C-AB61-F4881C291053}.Release|x86.ActiveCfg = Release|Any CPU
		{3C2ED517-1006-415C-AB61-F4881C291053}.Release|x86.Build.0 = Release|Any CPU
		{1159FFDF-0EC6-DE8A-9F18-86C575A937B0}.Debug|Any CPU.ActiveCfg = Debug|Any CPU
		{1159FFDF-0EC6-DE8A-9F18-86C575A937B0}.Debug|Any CPU.Build.0 = Debug|Any CPU
		{1159FFDF-0EC6-DE8A-9F18-86C575A937B0}.Debug|x64.ActiveCfg = Debug|Any CPU
		{1159FFDF-0EC6-DE8A-9F18-86C575A937B0}.Debug|x64.Build.0 = Debug|Any CPU
		{1159FFDF-0EC6-DE8A-9F18-86C575A937B0}.Debug|x86.ActiveCfg = Debug|Any CPU
		{1159FFDF-0EC6-DE8A-9F18-86C575A937B0}.Debug|x86.Build.0 = Debug|Any CPU
		{1159FFDF-0EC6-DE8A-9F18-86C575A937B0}.Release|Any CPU.ActiveCfg = Release|Any CPU
		{1159FFDF-0EC6-DE8A-9F18-86C575A937B0}.Release|Any CPU.Build.0 = Release|Any CPU
		{1159FFDF-0EC6-DE8A-9F18-86C575A937B0}.Release|x64.ActiveCfg = Release|Any CPU
		{1159FFDF-0EC6-DE8A-9F18-86C575A937B0}.Release|x64.Build.0 = Release|Any CPU
		{1159FFDF-0EC6-DE8A-9F18-86C575A937B0}.Release|x86.ActiveCfg = Release|Any CPU
		{1159FFDF-0EC6-DE8A-9F18-86C575A937B0}.Release|x86.Build.0 = Release|Any CPU
		{99DB0845-9176-4E8E-8444-483D4778EC68}.Debug|Any CPU.ActiveCfg = Debug|Any CPU
		{99DB0845-9176-4E8E-8444-483D4778EC68}.Debug|Any CPU.Build.0 = Debug|Any CPU
		{99DB0845-9176-4E8E-8444-483D4778EC68}.Debug|x64.ActiveCfg = Debug|Any CPU
		{99DB0845-9176-4E8E-8444-483D4778EC68}.Debug|x64.Build.0 = Debug|Any CPU
		{99DB0845-9176-4E8E-8444-483D4778EC68}.Debug|x86.ActiveCfg = Debug|Any CPU
		{99DB0845-9176-4E8E-8444-483D4778EC68}.Debug|x86.Build.0 = Debug|Any CPU
		{99DB0845-9176-4E8E-8444-483D4778EC68}.Release|Any CPU.ActiveCfg = Release|Any CPU
		{99DB0845-9176-4E8E-8444-483D4778EC68}.Release|Any CPU.Build.0 = Release|Any CPU
		{99DB0845-9176-4E8E-8444-483D4778EC68}.Release|x64.ActiveCfg = Release|Any CPU
		{99DB0845-9176-4E8E-8444-483D4778EC68}.Release|x64.Build.0 = Release|Any CPU
		{99DB0845-9176-4E8E-8444-483D4778EC68}.Release|x86.ActiveCfg = Release|Any CPU
		{99DB0845-9176-4E8E-8444-483D4778EC68}.Release|x86.Build.0 = Release|Any CPU
		{A22BBA5D-7AAC-4543-B88E-06D9DB833EC7}.Debug|Any CPU.ActiveCfg = Debug|Any CPU
		{A22BBA5D-7AAC-4543-B88E-06D9DB833EC7}.Debug|Any CPU.Build.0 = Debug|Any CPU
		{A22BBA5D-7AAC-4543-B88E-06D9DB833EC7}.Debug|x64.ActiveCfg = Debug|Any CPU
		{A22BBA5D-7AAC-4543-B88E-06D9DB833EC7}.Debug|x64.Build.0 = Debug|Any CPU
		{A22BBA5D-7AAC-4543-B88E-06D9DB833EC7}.Debug|x86.ActiveCfg = Debug|Any CPU
		{A22BBA5D-7AAC-4543-B88E-06D9DB833EC7}.Debug|x86.Build.0 = Debug|Any CPU
		{A22BBA5D-7AAC-4543-B88E-06D9DB833EC7}.Release|Any CPU.ActiveCfg = Release|Any CPU
		{A22BBA5D-7AAC-4543-B88E-06D9DB833EC7}.Release|Any CPU.Build.0 = Release|Any CPU
		{A22BBA5D-7AAC-4543-B88E-06D9DB833EC7}.Release|x64.ActiveCfg = Release|Any CPU
		{A22BBA5D-7AAC-4543-B88E-06D9DB833EC7}.Release|x64.Build.0 = Release|Any CPU
		{A22BBA5D-7AAC-4543-B88E-06D9DB833EC7}.Release|x86.ActiveCfg = Release|Any CPU
		{A22BBA5D-7AAC-4543-B88E-06D9DB833EC7}.Release|x86.Build.0 = Release|Any CPU
		{BCEB1AF7-55FE-4E77-AF6B-B3453E11FAB8}.Debug|Any CPU.ActiveCfg = Debug|Any CPU
		{BCEB1AF7-55FE-4E77-AF6B-B3453E11FAB8}.Debug|Any CPU.Build.0 = Debug|Any CPU
		{BCEB1AF7-55FE-4E77-AF6B-B3453E11FAB8}.Debug|x64.ActiveCfg = Debug|Any CPU
		{BCEB1AF7-55FE-4E77-AF6B-B3453E11FAB8}.Debug|x64.Build.0 = Debug|Any CPU
		{BCEB1AF7-55FE-4E77-AF6B-B3453E11FAB8}.Debug|x86.ActiveCfg = Debug|Any CPU
		{BCEB1AF7-55FE-4E77-AF6B-B3453E11FAB8}.Debug|x86.Build.0 = Debug|Any CPU
		{BCEB1AF7-55FE-4E77-AF6B-B3453E11FAB8}.Release|Any CPU.ActiveCfg = Release|Any CPU
		{BCEB1AF7-55FE-4E77-AF6B-B3453E11FAB8}.Release|Any CPU.Build.0 = Release|Any CPU
		{BCEB1AF7-55FE-4E77-AF6B-B3453E11FAB8}.Release|x64.ActiveCfg = Release|Any CPU
		{BCEB1AF7-55FE-4E77-AF6B-B3453E11FAB8}.Release|x64.Build.0 = Release|Any CPU
		{BCEB1AF7-55FE-4E77-AF6B-B3453E11FAB8}.Release|x86.ActiveCfg = Release|Any CPU
		{BCEB1AF7-55FE-4E77-AF6B-B3453E11FAB8}.Release|x86.Build.0 = Release|Any CPU
		{7D501C96-FF27-AF33-17F2-C07A70623ACA}.Debug|Any CPU.ActiveCfg = Debug|Any CPU
		{7D501C96-FF27-AF33-17F2-C07A70623ACA}.Debug|Any CPU.Build.0 = Debug|Any CPU
		{7D501C96-FF27-AF33-17F2-C07A70623ACA}.Debug|x64.ActiveCfg = Debug|Any CPU
		{7D501C96-FF27-AF33-17F2-C07A70623ACA}.Debug|x64.Build.0 = Debug|Any CPU
		{7D501C96-FF27-AF33-17F2-C07A70623ACA}.Debug|x86.ActiveCfg = Debug|Any CPU
		{7D501C96-FF27-AF33-17F2-C07A70623ACA}.Debug|x86.Build.0 = Debug|Any CPU
		{7D501C96-FF27-AF33-17F2-C07A70623ACA}.Release|Any CPU.ActiveCfg = Release|Any CPU
		{7D501C96-FF27-AF33-17F2-C07A70623ACA}.Release|Any CPU.Build.0 = Release|Any CPU
		{7D501C96-FF27-AF33-17F2-C07A70623ACA}.Release|x64.ActiveCfg = Release|Any CPU
		{7D501C96-FF27-AF33-17F2-C07A70623ACA}.Release|x64.Build.0 = Release|Any CPU
		{7D501C96-FF27-AF33-17F2-C07A70623ACA}.Release|x86.ActiveCfg = Release|Any CPU
		{7D501C96-FF27-AF33-17F2-C07A70623ACA}.Release|x86.Build.0 = Release|Any CPU
		{2E756E83-5836-4F86-A4F8-18D11FF402F8}.Debug|Any CPU.ActiveCfg = Debug|Any CPU
		{2E756E83-5836-4F86-A4F8-18D11FF402F8}.Debug|Any CPU.Build.0 = Debug|Any CPU
		{2E756E83-5836-4F86-A4F8-18D11FF402F8}.Debug|x64.ActiveCfg = Debug|Any CPU
		{2E756E83-5836-4F86-A4F8-18D11FF402F8}.Debug|x64.Build.0 = Debug|Any CPU
		{2E756E83-5836-4F86-A4F8-18D11FF402F8}.Debug|x86.ActiveCfg = Debug|Any CPU
		{2E756E83-5836-4F86-A4F8-18D11FF402F8}.Debug|x86.Build.0 = Debug|Any CPU
		{2E756E83-5836-4F86-A4F8-18D11FF402F8}.Release|Any CPU.ActiveCfg = Release|Any CPU
		{2E756E83-5836-4F86-A4F8-18D11FF402F8}.Release|Any CPU.Build.0 = Release|Any CPU
		{2E756E83-5836-4F86-A4F8-18D11FF402F8}.Release|x64.ActiveCfg = Release|Any CPU
		{2E756E83-5836-4F86-A4F8-18D11FF402F8}.Release|x64.Build.0 = Release|Any CPU
		{2E756E83-5836-4F86-A4F8-18D11FF402F8}.Release|x86.ActiveCfg = Release|Any CPU
		{2E756E83-5836-4F86-A4F8-18D11FF402F8}.Release|x86.Build.0 = Release|Any CPU
	EndGlobalSection
	GlobalSection(SolutionProperties) = preSolution
		HideSolutionNode = FALSE
	EndGlobalSection
	GlobalSection(ExtensibilityGlobals) = postSolution
		SolutionGuid = {153431B1-308F-40D6-A866-5F482DC059DF}
	EndGlobalSection
EndGlobal
